// !$*UTF8*$!
{
	archiveVersion = 1;
	classes = {
	};
	objectVersion = 56;
	objects = {

/* Begin PBXBuildFile section */
		04473FFB2AFDB81900A20890 /* W9_MobCompApp.swift in Sources */ = {isa = PBXBuildFile; fileRef = 04473FFA2AFDB81900A20890 /* W9_MobCompApp.swift */; };
		04473FFD2AFDB81900A20890 /* ContentView.swift in Sources */ = {isa = PBXBuildFile; fileRef = 04473FFC2AFDB81900A20890 /* ContentView.swift */; };
		04473FFF2AFDB81B00A20890 /* Assets.xcassets in Resources */ = {isa = PBXBuildFile; fileRef = 04473FFE2AFDB81B00A20890 /* Assets.xcassets */; };
		044740022AFDB81B00A20890 /* Preview Assets.xcassets in Resources */ = {isa = PBXBuildFile; fileRef = 044740012AFDB81B00A20890 /* Preview Assets.xcassets */; };
		0447400C2AFDB81B00A20890 /* W9_MobCompTests.swift in Sources */ = {isa = PBXBuildFile; fileRef = 0447400B2AFDB81B00A20890 /* W9_MobCompTests.swift */; };
		044740162AFDB81B00A20890 /* W9_MobCompUITests.swift in Sources */ = {isa = PBXBuildFile; fileRef = 044740152AFDB81B00A20890 /* W9_MobCompUITests.swift */; };
		044740182AFDB81B00A20890 /* W9_MobCompUITestsLaunchTests.swift in Sources */ = {isa = PBXBuildFile; fileRef = 044740172AFDB81B00A20890 /* W9_MobCompUITestsLaunchTests.swift */; };
		044740272AFDBAC200A20890 /* WOT-Scryfall.json in Resources */ = {isa = PBXBuildFile; fileRef = 044740262AFDBAC200A20890 /* WOT-Scryfall.json */; };
		044740292AFDBD9700A20890 /* MTGCard.swift in Sources */ = {isa = PBXBuildFile; fileRef = 044740282AFDBD9700A20890 /* MTGCard.swift */; };
/* End PBXBuildFile section */

/* Begin PBXContainerItemProxy section */
		044740082AFDB81B00A20890 /* PBXContainerItemProxy */ = {
			isa = PBXContainerItemProxy;
			containerPortal = 04473FEF2AFDB81900A20890 /* Project object */;
			proxyType = 1;
			remoteGlobalIDString = 04473FF62AFDB81900A20890;
			remoteInfo = "W9-MobComp";
		};
		044740122AFDB81B00A20890 /* PBXContainerItemProxy */ = {
			isa = PBXContainerItemProxy;
			containerPortal = 04473FEF2AFDB81900A20890 /* Project object */;
			proxyType = 1;
			remoteGlobalIDString = 04473FF62AFDB81900A20890;
			remoteInfo = "W9-MobComp";
		};
/* End PBXContainerItemProxy section */

/* Begin PBXFileReference section */
		04473FF72AFDB81900A20890 /* W9-MobComp.app */ = {isa = PBXFileReference; explicitFileType = wrapper.application; includeInIndex = 0; path = "W9-MobComp.app"; sourceTree = BUILT_PRODUCTS_DIR; };
		04473FFA2AFDB81900A20890 /* W9_MobCompApp.swift */ = {isa = PBXFileReference; lastKnownFileType = sourcecode.swift; path = W9_MobCompApp.swift; sourceTree = "<group>"; };
		04473FFC2AFDB81900A20890 /* ContentView.swift */ = {isa = PBXFileReference; lastKnownFileType = sourcecode.swift; path = ContentView.swift; sourceTree = "<group>"; };
		04473FFE2AFDB81B00A20890 /* Assets.xcassets */ = {isa = PBXFileReference; lastKnownFileType = folder.assetcatalog; path = Assets.xcassets; sourceTree = "<group>"; };
		044740012AFDB81B00A20890 /* Preview Assets.xcassets */ = {isa = PBXFileReference; lastKnownFileType = folder.assetcatalog; path = "Preview Assets.xcassets"; sourceTree = "<group>"; };
		044740072AFDB81B00A20890 /* W9-MobCompTests.xctest */ = {isa = PBXFileReference; explicitFileType = wrapper.cfbundle; includeInIndex = 0; path = "W9-MobCompTests.xctest"; sourceTree = BUILT_PRODUCTS_DIR; };
		0447400B2AFDB81B00A20890 /* W9_MobCompTests.swift */ = {isa = PBXFileReference; lastKnownFileType = sourcecode.swift; path = W9_MobCompTests.swift; sourceTree = "<group>"; };
		044740112AFDB81B00A20890 /* W9-MobCompUITests.xctest */ = {isa = PBXFileReference; explicitFileType = wrapper.cfbundle; includeInIndex = 0; path = "W9-MobCompUITests.xctest"; sourceTree = BUILT_PRODUCTS_DIR; };
		044740152AFDB81B00A20890 /* W9_MobCompUITests.swift */ = {isa = PBXFileReference; lastKnownFileType = sourcecode.swift; path = W9_MobCompUITests.swift; sourceTree = "<group>"; };
		044740172AFDB81B00A20890 /* W9_MobCompUITestsLaunchTests.swift */ = {isa = PBXFileReference; lastKnownFileType = sourcecode.swift; path = W9_MobCompUITestsLaunchTests.swift; sourceTree = "<group>"; };
		044740262AFDBAC200A20890 /* WOT-Scryfall.json */ = {isa = PBXFileReference; fileEncoding = 4; lastKnownFileType = text.json; name = "WOT-Scryfall.json"; path = "../../../Downloads/WOT-Scryfall.json"; sourceTree = "<group>"; };
		044740282AFDBD9700A20890 /* MTGCard.swift */ = {isa = PBXFileReference; lastKnownFileType = sourcecode.swift; path = MTGCard.swift; sourceTree = "<group>"; };
/* End PBXFileReference section */

/* Begin PBXFrameworksBuildPhase section */
		04473FF42AFDB81900A20890 /* Frameworks */ = {
			isa = PBXFrameworksBuildPhase;
			buildActionMask = 2147483647;
			files = (
			);
			runOnlyForDeploymentPostprocessing = 0;
		};
		044740042AFDB81B00A20890 /* Frameworks */ = {
			isa = PBXFrameworksBuildPhase;
			buildActionMask = 2147483647;
			files = (
			);
			runOnlyForDeploymentPostprocessing = 0;
		};
		0447400E2AFDB81B00A20890 /* Frameworks */ = {
			isa = PBXFrameworksBuildPhase;
			buildActionMask = 2147483647;
			files = (
			);
			runOnlyForDeploymentPostprocessing = 0;
		};
/* End PBXFrameworksBuildPhase section */

/* Begin PBXGroup section */
		04473FEE2AFDB81900A20890 = {
			isa = PBXGroup;
			children = (
				04473FF92AFDB81900A20890 /* W9-MobComp */,
				0447400A2AFDB81B00A20890 /* W9-MobCompTests */,
				044740142AFDB81B00A20890 /* W9-MobCompUITests */,
				04473FF82AFDB81900A20890 /* Products */,
			);
			sourceTree = "<group>";
		};
		04473FF82AFDB81900A20890 /* Products */ = {
			isa = PBXGroup;
			children = (
				04473FF72AFDB81900A20890 /* W9-MobComp.app */,
				044740072AFDB81B00A20890 /* W9-MobCompTests.xctest */,
				044740112AFDB81B00A20890 /* W9-MobCompUITests.xctest */,
			);
			name = Products;
			sourceTree = "<group>";
		};
		04473FF92AFDB81900A20890 /* W9-MobComp */ = {
			isa = PBXGroup;
			children = (
				04473FFA2AFDB81900A20890 /* W9_MobCompApp.swift */,
				04473FFC2AFDB81900A20890 /* ContentView.swift */,
				044740282AFDBD9700A20890 /* MTGCard.swift */,
				044740262AFDBAC200A20890 /* WOT-Scryfall.json */,
				04473FFE2AFDB81B00A20890 /* Assets.xcassets */,
				044740002AFDB81B00A20890 /* Preview Content */,
			);
			path = "W9-MobComp";
			sourceTree = "<group>";
		};
		044740002AFDB81B00A20890 /* Preview Content */ = {
			isa = PBXGroup;
			children = (
				044740012AFDB81B00A20890 /* Preview Assets.xcassets */,
			);
			path = "Preview Content";
			sourceTree = "<group>";
		};
		0447400A2AFDB81B00A20890 /* W9-MobCompTests */ = {
			isa = PBXGroup;
			children = (
				0447400B2AFDB81B00A20890 /* W9_MobCompTests.swift */,
			);
			path = "W9-MobCompTests";
			sourceTree = "<group>";
		};
		044740142AFDB81B00A20890 /* W9-MobCompUITests */ = {
			isa = PBXGroup;
			children = (
				044740152AFDB81B00A20890 /* W9_MobCompUITests.swift */,
				044740172AFDB81B00A20890 /* W9_MobCompUITestsLaunchTests.swift */,
			);
			path = "W9-MobCompUITests";
			sourceTree = "<group>";
		};
/* End PBXGroup section */

/* Begin PBXNativeTarget section */
		04473FF62AFDB81900A20890 /* W9-MobComp */ = {
			isa = PBXNativeTarget;
			buildConfigurationList = 0447401B2AFDB81B00A20890 /* Build configuration list for PBXNativeTarget "W9-MobComp" */;
			buildPhases = (
				04473FF32AFDB81900A20890 /* Sources */,
				04473FF42AFDB81900A20890 /* Frameworks */,
				04473FF52AFDB81900A20890 /* Resources */,
			);
			buildRules = (
			);
			dependencies = (
			);
			name = "W9-MobComp";
			productName = "W9-MobComp";
			productReference = 04473FF72AFDB81900A20890 /* W9-MobComp.app */;
			productType = "com.apple.product-type.application";
		};
		044740062AFDB81B00A20890 /* W9-MobCompTests */ = {
			isa = PBXNativeTarget;
			buildConfigurationList = 0447401E2AFDB81B00A20890 /* Build configuration list for PBXNativeTarget "W9-MobCompTests" */;
			buildPhases = (
				044740032AFDB81B00A20890 /* Sources */,
				044740042AFDB81B00A20890 /* Frameworks */,
				044740052AFDB81B00A20890 /* Resources */,
			);
			buildRules = (
			);
			dependencies = (
				044740092AFDB81B00A20890 /* PBXTargetDependency */,
			);
			name = "W9-MobCompTests";
			productName = "W9-MobCompTests";
			productReference = 044740072AFDB81B00A20890 /* W9-MobCompTests.xctest */;
			productType = "com.apple.product-type.bundle.unit-test";
		};
		044740102AFDB81B00A20890 /* W9-MobCompUITests */ = {
			isa = PBXNativeTarget;
			buildConfigurationList = 044740212AFDB81B00A20890 /* Build configuration list for PBXNativeTarget "W9-MobCompUITests" */;
			buildPhases = (
				0447400D2AFDB81B00A20890 /* Sources */,
				0447400E2AFDB81B00A20890 /* Frameworks */,
				0447400F2AFDB81B00A20890 /* Resources */,
			);
			buildRules = (
			);
			dependencies = (
				044740132AFDB81B00A20890 /* PBXTargetDependency */,
			);
			name = "W9-MobCompUITests";
			productName = "W9-MobCompUITests";
			productReference = 044740112AFDB81B00A20890 /* W9-MobCompUITests.xctest */;
			productType = "com.apple.product-type.bundle.ui-testing";
		};
/* End PBXNativeTarget section */

/* Begin PBXProject section */
		04473FEF2AFDB81900A20890 /* Project object */ = {
			isa = PBXProject;
			attributes = {
				BuildIndependentTargetsInParallel = 1;
				LastSwiftUpdateCheck = 1500;
				LastUpgradeCheck = 1500;
				TargetAttributes = {
					04473FF62AFDB81900A20890 = {
						CreatedOnToolsVersion = 15.0;
					};
					044740062AFDB81B00A20890 = {
						CreatedOnToolsVersion = 15.0;
						TestTargetID = 04473FF62AFDB81900A20890;
					};
					044740102AFDB81B00A20890 = {
						CreatedOnToolsVersion = 15.0;
						TestTargetID = 04473FF62AFDB81900A20890;
					};
				};
			};
			buildConfigurationList = 04473FF22AFDB81900A20890 /* Build configuration list for PBXProject "W9-MobComp" */;
			compatibilityVersion = "Xcode 14.0";
			developmentRegion = en;
			hasScannedForEncodings = 0;
			knownRegions = (
				en,
				Base,
			);
			mainGroup = 04473FEE2AFDB81900A20890;
			productRefGroup = 04473FF82AFDB81900A20890 /* Products */;
			projectDirPath = "";
			projectRoot = "";
			targets = (
				04473FF62AFDB81900A20890 /* W9-MobComp */,
				044740062AFDB81B00A20890 /* W9-MobCompTests */,
				044740102AFDB81B00A20890 /* W9-MobCompUITests */,
			);
		};
/* End PBXProject section */

/* Begin PBXResourcesBuildPhase section */
		04473FF52AFDB81900A20890 /* Resources */ = {
			isa = PBXResourcesBuildPhase;
			buildActionMask = 2147483647;
			files = (
				044740022AFDB81B00A20890 /* Preview Assets.xcassets in Resources */,
				04473FFF2AFDB81B00A20890 /* Assets.xcassets in Resources */,
				044740272AFDBAC200A20890 /* WOT-Scryfall.json in Resources */,
			);
			runOnlyForDeploymentPostprocessing = 0;
		};
		044740052AFDB81B00A20890 /* Resources */ = {
			isa = PBXResourcesBuildPhase;
			buildActionMask = 2147483647;
			files = (
			);
			runOnlyForDeploymentPostprocessing = 0;
		};
		0447400F2AFDB81B00A20890 /* Resources */ = {
			isa = PBXResourcesBuildPhase;
			buildActionMask = 2147483647;
			files = (
			);
			runOnlyForDeploymentPostprocessing = 0;
		};
/* End PBXResourcesBuildPhase section */

/* Begin PBXSourcesBuildPhase section */
		04473FF32AFDB81900A20890 /* Sources */ = {
			isa = PBXSourcesBuildPhase;
			buildActionMask = 2147483647;
			files = (
				04473FFD2AFDB81900A20890 /* ContentView.swift in Sources */,
				044740292AFDBD9700A20890 /* MTGCard.swift in Sources */,
				04473FFB2AFDB81900A20890 /* W9_MobCompApp.swift in Sources */,
			);
			runOnlyForDeploymentPostprocessing = 0;
		};
		044740032AFDB81B00A20890 /* Sources */ = {
			isa = PBXSourcesBuildPhase;
			buildActionMask = 2147483647;
			files = (
				0447400C2AFDB81B00A20890 /* W9_MobCompTests.swift in Sources */,
			);
			runOnlyForDeploymentPostprocessing = 0;
		};
		0447400D2AFDB81B00A20890 /* Sources */ = {
			isa = PBXSourcesBuildPhase;
			buildActionMask = 2147483647;
			files = (
				044740182AFDB81B00A20890 /* W9_MobCompUITestsLaunchTests.swift in Sources */,
				044740162AFDB81B00A20890 /* W9_MobCompUITests.swift in Sources */,
			);
			runOnlyForDeploymentPostprocessing = 0;
		};
/* End PBXSourcesBuildPhase section */

/* Begin PBXTargetDependency section */
		044740092AFDB81B00A20890 /* PBXTargetDependency */ = {
			isa = PBXTargetDependency;
			target = 04473FF62AFDB81900A20890 /* W9-MobComp */;
			targetProxy = 044740082AFDB81B00A20890 /* PBXContainerItemProxy */;
		};
		044740132AFDB81B00A20890 /* PBXTargetDependency */ = {
			isa = PBXTargetDependency;
			target = 04473FF62AFDB81900A20890 /* W9-MobComp */;
			targetProxy = 044740122AFDB81B00A20890 /* PBXContainerItemProxy */;
		};
/* End PBXTargetDependency section */

/* Begin XCBuildConfiguration section */
		044740192AFDB81B00A20890 /* Debug */ = {
			isa = XCBuildConfiguration;
			buildSettings = {
				ALWAYS_SEARCH_USER_PATHS = NO;
				ASSETCATALOG_COMPILER_GENERATE_SWIFT_ASSET_SYMBOL_EXTENSIONS = YES;
				CLANG_ANALYZER_NONNULL = YES;
				CLANG_ANALYZER_NUMBER_OBJECT_CONVERSION = YES_AGGRESSIVE;
				CLANG_CXX_LANGUAGE_STANDARD = "gnu++20";
				CLANG_ENABLE_MODULES = YES;
				CLANG_ENABLE_OBJC_ARC = YES;
				CLANG_ENABLE_OBJC_WEAK = YES;
				CLANG_WARN_BLOCK_CAPTURE_AUTORELEASING = YES;
				CLANG_WARN_BOOL_CONVERSION = YES;
				CLANG_WARN_COMMA = YES;
				CLANG_WARN_CONSTANT_CONVERSION = YES;
				CLANG_WARN_DEPRECATED_OBJC_IMPLEMENTATIONS = YES;
				CLANG_WARN_DIRECT_OBJC_ISA_USAGE = YES_ERROR;
				CLANG_WARN_DOCUMENTATION_COMMENTS = YES;
				CLANG_WARN_EMPTY_BODY = YES;
				CLANG_WARN_ENUM_CONVERSION = YES;
				CLANG_WARN_INFINITE_RECURSION = YES;
				CLANG_WARN_INT_CONVERSION = YES;
				CLANG_WARN_NON_LITERAL_NULL_CONVERSION = YES;
				CLANG_WARN_OBJC_IMPLICIT_RETAIN_SELF = YES;
				CLANG_WARN_OBJC_LITERAL_CONVERSION = YES;
				CLANG_WARN_OBJC_ROOT_CLASS = YES_ERROR;
				CLANG_WARN_QUOTED_INCLUDE_IN_FRAMEWORK_HEADER = YES;
				CLANG_WARN_RANGE_LOOP_ANALYSIS = YES;
				CLANG_WARN_STRICT_PROTOTYPES = YES;
				CLANG_WARN_SUSPICIOUS_MOVE = YES;
				CLANG_WARN_UNGUARDED_AVAILABILITY = YES_AGGRESSIVE;
				CLANG_WARN_UNREACHABLE_CODE = YES;
				CLANG_WARN__DUPLICATE_METHOD_MATCH = YES;
				COPY_PHASE_STRIP = NO;
				DEBUG_INFORMATION_FORMAT = dwarf;
				ENABLE_STRICT_OBJC_MSGSEND = YES;
				ENABLE_TESTABILITY = YES;
				ENABLE_USER_SCRIPT_SANDBOXING = YES;
				GCC_C_LANGUAGE_STANDARD = gnu17;
				GCC_DYNAMIC_NO_PIC = NO;
				GCC_NO_COMMON_BLOCKS = YES;
				GCC_OPTIMIZATION_LEVEL = 0;
				GCC_PREPROCESSOR_DEFINITIONS = (
					"DEBUG=1",
					"$(inherited)",
				);
				GCC_WARN_64_TO_32_BIT_CONVERSION = YES;
				GCC_WARN_ABOUT_RETURN_TYPE = YES_ERROR;
				GCC_WARN_UNDECLARED_SELECTOR = YES;
				GCC_WARN_UNINITIALIZED_AUTOS = YES_AGGRESSIVE;
				GCC_WARN_UNUSED_FUNCTION = YES;
				GCC_WARN_UNUSED_VARIABLE = YES;
				IPHONEOS_DEPLOYMENT_TARGET = 17.0;
				LOCALIZATION_PREFERS_STRING_CATALOGS = YES;
				MTL_ENABLE_DEBUG_INFO = INCLUDE_SOURCE;
				MTL_FAST_MATH = YES;
				ONLY_ACTIVE_ARCH = YES;
				SDKROOT = iphoneos;
				SWIFT_ACTIVE_COMPILATION_CONDITIONS = "DEBUG $(inherited)";
				SWIFT_OPTIMIZATION_LEVEL = "-Onone";
			};
			name = Debug;
		};
		0447401A2AFDB81B00A20890 /* Release */ = {
			isa = XCBuildConfiguration;
			buildSettings = {
				ALWAYS_SEARCH_USER_PATHS = NO;
				ASSETCATALOG_COMPILER_GENERATE_SWIFT_ASSET_SYMBOL_EXTENSIONS = YES;
				CLANG_ANALYZER_NONNULL = YES;
				CLANG_ANALYZER_NUMBER_OBJECT_CONVERSION = YES_AGGRESSIVE;
				CLANG_CXX_LANGUAGE_STANDARD = "gnu++20";
				CLANG_ENABLE_MODULES = YES;
				CLANG_ENABLE_OBJC_ARC = YES;
				CLANG_ENABLE_OBJC_WEAK = YES;
				CLANG_WARN_BLOCK_CAPTURE_AUTORELEASING = YES;
				CLANG_WARN_BOOL_CONVERSION = YES;
				CLANG_WARN_COMMA = YES;
				CLANG_WARN_CONSTANT_CONVERSION = YES;
				CLANG_WARN_DEPRECATED_OBJC_IMPLEMENTATIONS = YES;
				CLANG_WARN_DIRECT_OBJC_ISA_USAGE = YES_ERROR;
				CLANG_WARN_DOCUMENTATION_COMMENTS = YES;
				CLANG_WARN_EMPTY_BODY = YES;
				CLANG_WARN_ENUM_CONVERSION = YES;
				CLANG_WARN_INFINITE_RECURSION = YES;
				CLANG_WARN_INT_CONVERSION = YES;
				CLANG_WARN_NON_LITERAL_NULL_CONVERSION = YES;
				CLANG_WARN_OBJC_IMPLICIT_RETAIN_SELF = YES;
				CLANG_WARN_OBJC_LITERAL_CONVERSION = YES;
				CLANG_WARN_OBJC_ROOT_CLASS = YES_ERROR;
				CLANG_WARN_QUOTED_INCLUDE_IN_FRAMEWORK_HEADER = YES;
				CLANG_WARN_RANGE_LOOP_ANALYSIS = YES;
				CLANG_WARN_STRICT_PROTOTYPES = YES;
				CLANG_WARN_SUSPICIOUS_MOVE = YES;
				CLANG_WARN_UNGUARDED_AVAILABILITY = YES_AGGRESSIVE;
				CLANG_WARN_UNREACHABLE_CODE = YES;
				CLANG_WARN__DUPLICATE_METHOD_MATCH = YES;
				COPY_PHASE_STRIP = NO;
				DEBUG_INFORMATION_FORMAT = "dwarf-with-dsym";
				ENABLE_NS_ASSERTIONS = NO;
				ENABLE_STRICT_OBJC_MSGSEND = YES;
				ENABLE_USER_SCRIPT_SANDBOXING = YES;
				GCC_C_LANGUAGE_STANDARD = gnu17;
				GCC_NO_COMMON_BLOCKS = YES;
				GCC_WARN_64_TO_32_BIT_CONVERSION = YES;
				GCC_WARN_ABOUT_RETURN_TYPE = YES_ERROR;
				GCC_WARN_UNDECLARED_SELECTOR = YES;
				GCC_WARN_UNINITIALIZED_AUTOS = YES_AGGRESSIVE;
				GCC_WARN_UNUSED_FUNCTION = YES;
				GCC_WARN_UNUSED_VARIABLE = YES;
				IPHONEOS_DEPLOYMENT_TARGET = 17.0;
				LOCALIZATION_PREFERS_STRING_CATALOGS = YES;
				MTL_ENABLE_DEBUG_INFO = NO;
				MTL_FAST_MATH = YES;
				SDKROOT = iphoneos;
				SWIFT_COMPILATION_MODE = wholemodule;
				VALIDATE_PRODUCT = YES;
			};
			name = Release;
		};
		0447401C2AFDB81B00A20890 /* Debug */ = {
			isa = XCBuildConfiguration;
			buildSettings = {
				ASSETCATALOG_COMPILER_APPICON_NAME = AppIcon;
				ASSETCATALOG_COMPILER_GLOBAL_ACCENT_COLOR_NAME = AccentColor;
				CODE_SIGN_STYLE = Automatic;
				CURRENT_PROJECT_VERSION = 1;
				DEVELOPMENT_ASSET_PATHS = "\"W9-MobComp/Preview Content\"";
				ENABLE_PREVIEWS = YES;
				GENERATE_INFOPLIST_FILE = YES;
				INFOPLIST_KEY_UIApplicationSceneManifest_Generation = YES;
				INFOPLIST_KEY_UIApplicationSupportsIndirectInputEvents = YES;
				INFOPLIST_KEY_UILaunchScreen_Generation = YES;
				INFOPLIST_KEY_UISupportedInterfaceOrientations_iPad = "UIInterfaceOrientationPortrait UIInterfaceOrientationPortraitUpsideDown UIInterfaceOrientationLandscapeLeft UIInterfaceOrientationLandscapeRight";
				INFOPLIST_KEY_UISupportedInterfaceOrientations_iPhone = "UIInterfaceOrientationPortrait UIInterfaceOrientationLandscapeLeft UIInterfaceOrientationLandscapeRight";
				LD_RUNPATH_SEARCH_PATHS = (
					"$(inherited)",
					"@executable_path/Frameworks",
				);
				MARKETING_VERSION = 1.0;
				PRODUCT_BUNDLE_IDENTIFIER = "vanessa-christie.W9-MobComp";
				PRODUCT_NAME = "$(TARGET_NAME)";
				SWIFT_EMIT_LOC_STRINGS = YES;
				SWIFT_VERSION = 5.0;
				TARGETED_DEVICE_FAMILY = "1,2";
			};
			name = Debug;
		};
		0447401D2AFDB81B00A20890 /* Release */ = {
			isa = XCBuildConfiguration;
			buildSettings = {
				ASSETCATALOG_COMPILER_APPICON_NAME = AppIcon;
				ASSETCATALOG_COMPILER_GLOBAL_ACCENT_COLOR_NAME = AccentColor;
				CODE_SIGN_STYLE = Automatic;
				CURRENT_PROJECT_VERSION = 1;
				DEVELOPMENT_ASSET_PATHS = "\"W9-MobComp/Preview Content\"";
				ENABLE_PREVIEWS = YES;
				GENERATE_INFOPLIST_FILE = YES;
				INFOPLIST_KEY_UIApplicationSceneManifest_Generation = YES;
				INFOPLIST_KEY_UIApplicationSupportsIndirectInputEvents = YES;
				INFOPLIST_KEY_UILaunchScreen_Generation = YES;
				INFOPLIST_KEY_UISupportedInterfaceOrientations_iPad = "UIInterfaceOrientationPortrait UIInterfaceOrientationPortraitUpsideDown UIInterfaceOrientationLandscapeLeft UIInterfaceOrientationLandscapeRight";
				INFOPLIST_KEY_UISupportedInterfaceOrientations_iPhone = "UIInterfaceOrientationPortrait UIInterfaceOrientationLandscapeLeft UIInterfaceOrientationLandscapeRight";
				LD_RUNPATH_SEARCH_PATHS = (
					"$(inherited)",
					"@executable_path/Frameworks",
				);
				MARKETING_VERSION = 1.0;
				PRODUCT_BUNDLE_IDENTIFIER = "vanessa-christie.W9-MobComp";
				PRODUCT_NAME = "$(TARGET_NAME)";
				SWIFT_EMIT_LOC_STRINGS = YES;
				SWIFT_VERSION = 5.0;
				TARGETED_DEVICE_FAMILY = "1,2";
			};
			name = Release;
		};
		0447401F2AFDB81B00A20890 /* Debug */ = {
			isa = XCBuildConfiguration;
			buildSettings = {
				ALWAYS_EMBED_SWIFT_STANDARD_LIBRARIES = YES;
				BUNDLE_LOADER = "$(TEST_HOST)";
				CODE_SIGN_STYLE = Automatic;
				CURRENT_PROJECT_VERSION = 1;
				GENERATE_INFOPLIST_FILE = YES;
				IPHONEOS_DEPLOYMENT_TARGET = 17.0;
				MARKETING_VERSION = 1.0;
				PRODUCT_BUNDLE_IDENTIFIER = "vanessa-christie.W9-MobCompTests";
				PRODUCT_NAME = "$(TARGET_NAME)";
				SWIFT_EMIT_LOC_STRINGS = NO;
				SWIFT_VERSION = 5.0;
				TARGETED_DEVICE_FAMILY = "1,2";
				TEST_HOST = "$(BUILT_PRODUCTS_DIR)/W9-MobComp.app/$(BUNDLE_EXECUTABLE_FOLDER_PATH)/W9-MobComp";
			};
			name = Debug;
		};
		044740202AFDB81B00A20890 /* Release */ = {
			isa = XCBuildConfiguration;
			buildSettings = {
				ALWAYS_EMBED_SWIFT_STANDARD_LIBRARIES = YES;
				BUNDLE_LOADER = "$(TEST_HOST)";
				CODE_SIGN_STYLE = Automatic;
				CURRENT_PROJECT_VERSION = 1;
				GENERATE_INFOPLIST_FILE = YES;
				IPHONEOS_DEPLOYMENT_TARGET = 17.0;
				MARKETING_VERSION = 1.0;
				PRODUCT_BUNDLE_IDENTIFIER = "vanessa-christie.W9-MobCompTests";
				PRODUCT_NAME = "$(TARGET_NAME)";
				SWIFT_EMIT_LOC_STRINGS = NO;
				SWIFT_VERSION = 5.0;
				TARGETED_DEVICE_FAMILY = "1,2";
				TEST_HOST = "$(BUILT_PRODUCTS_DIR)/W9-MobComp.app/$(BUNDLE_EXECUTABLE_FOLDER_PATH)/W9-MobComp";
			};
			name = Release;
		};
		044740222AFDB81B00A20890 /* Debug */ = {
			isa = XCBuildConfiguration;
			buildSettings = {
				ALWAYS_EMBED_SWIFT_STANDARD_LIBRARIES = YES;
				CODE_SIGN_STYLE = Automatic;
				CURRENT_PROJECT_VERSION = 1;
				GENERATE_INFOPLIST_FILE = YES;
				MARKETING_VERSION = 1.0;
				PRODUCT_BUNDLE_IDENTIFIER = "vanessa-christie.W9-MobCompUITests";
				PRODUCT_NAME = "$(TARGET_NAME)";
				SWIFT_EMIT_LOC_STRINGS = NO;
				SWIFT_VERSION = 5.0;
				TARGETED_DEVICE_FAMILY = "1,2";
				TEST_TARGET_NAME = "W9-MobComp";
			};
			name = Debug;
		};
		044740232AFDB81B00A20890 /* Release */ = {
			isa = XCBuildConfiguration;
			buildSettings = {
				ALWAYS_EMBED_SWIFT_STANDARD_LIBRARIES = YES;
				CODE_SIGN_STYLE = Automatic;
				CURRENT_PROJECT_VERSION = 1;
				GENERATE_INFOPLIST_FILE = YES;
				MARKETING_VERSION = 1.0;
				PRODUCT_BUNDLE_IDENTIFIER = "vanessa-christie.W9-MobCompUITests";
				PRODUCT_NAME = "$(TARGET_NAME)";
				SWIFT_EMIT_LOC_STRINGS = NO;
				SWIFT_VERSION = 5.0;
				TARGETED_DEVICE_FAMILY = "1,2";
				TEST_TARGET_NAME = "W9-MobComp";
			};
			name = Release;
		};
/* End XCBuildConfiguration section */

/* Begin XCConfigurationList section */
		04473FF22AFDB81900A20890 /* Build configuration list for PBXProject "W9-MobComp" */ = {
			isa = XCConfigurationList;
			buildConfigurations = (
				044740192AFDB81B00A20890 /* Debug */,
				0447401A2AFDB81B00A20890 /* Release */,
			);
			defaultConfigurationIsVisible = 0;
			defaultConfigurationName = Release;
		};
		0447401B2AFDB81B00A20890 /* Build configuration list for PBXNativeTarget "W9-MobComp" */ = {
			isa = XCConfigurationList;
			buildConfigurations = (
				0447401C2AFDB81B00A20890 /* Debug */,
				0447401D2AFDB81B00A20890 /* Release */,
			);
			defaultConfigurationIsVisible = 0;
			defaultConfigurationName = Release;
		};
		0447401E2AFDB81B00A20890 /* Build configuration list for PBXNativeTarget "W9-MobCompTests" */ = {
			isa = XCConfigurationList;
			buildConfigurations = (
				0447401F2AFDB81B00A20890 /* Debug */,
				044740202AFDB81B00A20890 /* Release */,
			);
			defaultConfigurationIsVisible = 0;
			defaultConfigurationName = Release;
		};
		044740212AFDB81B00A20890 /* Build configuration list for PBXNativeTarget "W9-MobCompUITests" */ = {
			isa = XCConfigurationList;
			buildConfigurations = (
				044740222AFDB81B00A20890 /* Debug */,
				044740232AFDB81B00A20890 /* Release */,
			);
			defaultConfigurationIsVisible = 0;
			defaultConfigurationName = Release;
		};
/* End XCConfigurationList section */
	};
	rootObject = 04473FEF2AFDB81900A20890 /* Project object */;
}
